
Microsoft Visual Studio Solution File, Format Version 12.00
# Visual Studio Version 17
VisualStudioVersion = 17.11.35312.102
MinimumVisualStudioVersion = 10.0.40219.1
Project("{FAE04EC0-301F-11D3-BF4B-00C04F79EFBC}") = "DigitalTraining", "DigitalTraining.csproj", "{1A05DA83-0901-4DD0-B518-EC5AAAB8E99B}"
EndProject
Global
	GlobalSection(SolutionConfigurationPlatforms) = preSolution
		Debug|Any CPU = Debug|Any CPU
		Release|Any CPU = Release|Any CPU
	EndGlobalSection
	GlobalSection(ProjectConfigurationPlatforms) = postSolution
		{1A05DA83-0901-4DD0-B518-EC5AAAB8E99B}.Debug|Any CPU.ActiveCfg = Debug|Any CPU
		{1A05DA83-0901-4DD0-B518-EC5AAAB8E99B}.Debug|Any CPU.Build.0 = Debug|Any CPU
		{1A05DA83-0901-4DD0-B518-EC5AAAB8E99B}.Release|Any CPU.ActiveCfg = Release|Any CPU
		{1A05DA83-0901-4DD0-B518-EC5AAAB8E99B}.Release|Any CPU.Build.0 = Release|Any CPU
	EndGlobalSection
	GlobalSection(SolutionProperties) = preSolution
		HideSolutionNode = FALSE
	EndGlobalSection
	GlobalSection(ExtensibilityGlobals) = postSolution
		SolutionGuid = {5C292DCD-FF40-4B73-94BC-F05134515B11}
	EndGlobalSection
EndGlobal
